{
  "name": "fs-persistence-adapter",
  "version": "0.1.0",
  "lockfileVersion": 1,
  "requires": true,
  "dependencies": {
    "@types/node": {
      "version": "14.14.13",
      "resolved": "https://registry.npmjs.org/@types/node/-/node-14.14.13.tgz",
      "integrity": "sha512-vbxr0VZ8exFMMAjCW8rJwaya0dMCDyYW2ZRdTyjtrCvJoENMpdUHOT/eTzvgyA5ZnqRZ/sI0NwqAxNHKYokLJQ=="
    },
    "ask-sdk-core": {
      "version": "2.9.0",
      "resolved": "https://registry.npmjs.org/ask-sdk-core/-/ask-sdk-core-2.9.0.tgz",
      "integrity": "sha512-qTD8CuCp2ymb92neEztImLiVlWp5Os/reiPjBXJJyhUNBX2vP1lFbgp+oawjF6cYqF/W/FIajd/UddbiKJ+vMw==",
      "dev": true,
      "requires": {
        "ask-sdk-runtime": "^2.8.0"
      }
    },
    "ask-sdk-model": {
      "version": "1.34.1",
      "resolved": "https://registry.npmjs.org/ask-sdk-model/-/ask-sdk-model-1.34.1.tgz",
      "integrity": "sha512-bnKzRczfmk7uYHtPNFxQbngwUCB7wnL/bAgOKXYehDKiRX3kpoIoZPzpCadSPp9OcyN7Iq6CW1zkADW5IT6CLA==",
      "dev": true
    },
    "ask-sdk-runtime": {
      "version": "2.10.1",
      "resolved": "https://registry.npmjs.org/ask-sdk-runtime/-/ask-sdk-runtime-2.10.1.tgz",
      "integrity": "sha512-BFEs0UFGvjpKmbYSVhcFa1Oh+eyfCkWULanV+mWTxHTJ7aeB+UsZ8TvkDWZOnHsn0shAFtvkmun4tjx8eOR7uA==",
      "dev": true
    },
    "typescript": {
      "version": "4.1.3",
      "resolved": "https://registry.npmjs.org/typescript/-/typescript-4.1.3.tgz",
      "integrity": "sha512-B3ZIOf1IKeH2ixgHhj6la6xdwR9QrLC5d1VKeCSY4tvkqhF2eqd9O7txNlS0PO3GrBAFIdr3L1ndNwteUbZLYg==",
      "dev": true
    }
  }
}
